// !$*UTF8*$!
{
	archiveVersion = 1;
	classes = {
	};
	objectVersion = 77;
	objects = {

/* Begin PBXContainerItemProxy section */
		008B28322EAD27420015647E /* PBXContainerItemProxy */ = {
			isa = PBXContainerItemProxy;
			containerPortal = 008B28182EAD27410015647E /* Project object */;
			proxyType = 1;
			remoteGlobalIDString = 008B281F2EAD27410015647E;
			remoteInfo = HealthViewer;
		};
		008B283C2EAD27420015647E /* PBXContainerItemProxy */ = {
			isa = PBXContainerItemProxy;
			containerPortal = 008B28182EAD27410015647E /* Project object */;
			proxyType = 1;
			remoteGlobalIDString = 008B281F2EAD27410015647E;
			remoteInfo = HealthViewer;
		};
/* End PBXContainerItemProxy section */

/* Begin PBXFileReference section */
		008B28202EAD27410015647E /* HealthViewer.app */ = {isa = PBXFileReference; explicitFileType = wrapper.application; includeInIndex = 0; path = HealthViewer.app; sourceTree = BUILT_PRODUCTS_DIR; };
		008B28312EAD27420015647E /* HealthViewerTests.xctest */ = {isa = PBXFileReference; explicitFileType = wrapper.cfbundle; includeInIndex = 0; path = HealthViewerTests.xctest; sourceTree = BUILT_PRODUCTS_DIR; };
		008B283B2EAD27420015647E /* HealthViewerUITests.xctest */ = {isa = PBXFileReference; explicitFileType = wrapper.cfbundle; includeInIndex = 0; path = HealthViewerUITests.xctest; sourceTree = BUILT_PRODUCTS_DIR; };
/* End PBXFileReference section */

/* Begin PBXFileSystemSynchronizedBuildFileExceptionSet section */
		008B28432EAD27420015647E /* Exceptions for "HealthViewer" folder in "HealthViewer" target */ = {
			isa = PBXFileSystemSynchronizedBuildFileExceptionSet;
			membershipExceptions = (
				Info.plist,
			);
			target = 008B281F2EAD27410015647E /* HealthViewer */;
		};
/* End PBXFileSystemSynchronizedBuildFileExceptionSet section */

/* Begin PBXFileSystemSynchronizedRootGroup section */
		008B28222EAD27410015647E /* HealthViewer */ = {
			isa = PBXFileSystemSynchronizedRootGroup;
			exceptions = (
				008B28432EAD27420015647E /* Exceptions for "HealthViewer" folder in "HealthViewer" target */,
			);
			path = HealthViewer;
			sourceTree = "<group>";
		};
		008B28342EAD27420015647E /* HealthViewerTests */ = {
			isa = PBXFileSystemSynchronizedRootGroup;
			path = HealthViewerTests;
			sourceTree = "<group>";
		};
		008B283E2EAD27420015647E /* HealthViewerUITests */ = {
			isa = PBXFileSystemSynchronizedRootGroup;
			path = HealthViewerUITests;
			sourceTree = "<group>";
		};
/* End PBXFileSystemSynchronizedRootGroup section */

/* Begin PBXFrameworksBuildPhase section */
		008B281D2EAD27410015647E /* Frameworks */ = {
			isa = PBXFrameworksBuildPhase;
			buildActionMask = 2147483647;
			files = (
			);
			runOnlyForDeploymentPostprocessing = 0;
		};
		008B282E2EAD27420015647E /* Frameworks */ = {
			isa = PBXFrameworksBuildPhase;
			buildActionMask = 2147483647;
			files = (
			);
			runOnlyForDeploymentPostprocessing = 0;
		};
		008B28382EAD27420015647E /* Frameworks */ = {
			isa = PBXFrameworksBuildPhase;
			buildActionMask = 2147483647;
			files = (
			);
			runOnlyForDeploymentPostprocessing = 0;
		};
/* End PBXFrameworksBuildPhase section */

/* Begin PBXGroup section */
		008B28172EAD27410015647E = {
			isa = PBXGroup;
			children = (
				008B28222EAD27410015647E /* HealthViewer */,
				008B28342EAD27420015647E /* HealthViewerTests */,
				008B283E2EAD27420015647E /* HealthViewerUITests */,
				008B28212EAD27410015647E /* Products */,
			);
			sourceTree = "<group>";
		};
		008B28212EAD27410015647E /* Products */ = {
			isa = PBXGroup;
			children = (
				008B28202EAD27410015647E /* HealthViewer.app */,
				008B28312EAD27420015647E /* HealthViewerTests.xctest */,
				008B283B2EAD27420015647E /* HealthViewerUITests.xctest */,
			);
			name = Products;
			sourceTree = "<group>";
		};
/* End PBXGroup section */

/* Begin PBXNativeTarget section */
		008B281F2EAD27410015647E /* HealthViewer */ = {
			isa = PBXNativeTarget;
			buildConfigurationList = 008B28442EAD27420015647E /* Build configuration list for PBXNativeTarget "HealthViewer" */;
			buildPhases = (
				008B281C2EAD27410015647E /* Sources */,
				008B281D2EAD27410015647E /* Frameworks */,
				008B281E2EAD27410015647E /* Resources */,
			);
			buildRules = (
			);
			dependencies = (
			);
			fileSystemSynchronizedGroups = (
				008B28222EAD27410015647E /* HealthViewer */,
			);
			name = HealthViewer;
			packageProductDependencies = (
			);
			productName = HealthViewer;
			productReference = 008B28202EAD27410015647E /* HealthViewer.app */;
			productType = "com.apple.product-type.application";
		};
		008B28302EAD27420015647E /* HealthViewerTests */ = {
			isa = PBXNativeTarget;
			buildConfigurationList = 008B28492EAD27420015647E /* Build configuration list for PBXNativeTarget "HealthViewerTests" */;
			buildPhases = (
				008B282D2EAD27420015647E /* Sources */,
				008B282E2EAD27420015647E /* Frameworks */,
				008B282F2EAD27420015647E /* Resources */,
			);
			buildRules = (
			);
			dependencies = (
				008B28332EAD27420015647E /* PBXTargetDependency */,
			);
			fileSystemSynchronizedGroups = (
				008B28342EAD27420015647E /* HealthViewerTests */,
			);
			name = HealthViewerTests;
			packageProductDependencies = (
			);
			productName = HealthViewerTests;
			productReference = 008B28312EAD27420015647E /* HealthViewerTests.xctest */;
			productType = "com.apple.product-type.bundle.unit-test";
		};
		008B283A2EAD27420015647E /* HealthViewerUITests */ = {
			isa = PBXNativeTarget;
			buildConfigurationList = 008B284C2EAD27420015647E /* Build configuration list for PBXNativeTarget "HealthViewerUITests" */;
			buildPhases = (
				008B28372EAD27420015647E /* Sources */,
				008B28382EAD27420015647E /* Frameworks */,
				008B28392EAD27420015647E /* Resources */,
			);
			buildRules = (
			);
			dependencies = (
				008B283D2EAD27420015647E /* PBXTargetDependency */,
			);
			fileSystemSynchronizedGroups = (
				008B283E2EAD27420015647E /* HealthViewerUITests */,
			);
			name = HealthViewerUITests;
			packageProductDependencies = (
			);
			productName = HealthViewerUITests;
			productReference = 008B283B2EAD27420015647E /* HealthViewerUITests.xctest */;
			productType = "com.apple.product-type.bundle.ui-testing";
		};
/* End PBXNativeTarget section */

/* Begin PBXProject section */
		008B28182EAD27410015647E /* Project object */ = {
			isa = PBXProject;
			attributes = {
				BuildIndependentTargetsInParallel = 1;
				LastSwiftUpdateCheck = 1640;
				LastUpgradeCheck = 1640;
				TargetAttributes = {
					008B281F2EAD27410015647E = {
						CreatedOnToolsVersion = 16.4;
					};
					008B28302EAD27420015647E = {
						CreatedOnToolsVersion = 16.4;
						TestTargetID = 008B281F2EAD27410015647E;
					};
					008B283A2EAD27420015647E = {
						CreatedOnToolsVersion = 16.4;
						TestTargetID = 008B281F2EAD27410015647E;
					};
				};
			};
			buildConfigurationList = 008B281B2EAD27410015647E /* Build configuration list for PBXProject "HealthViewer" */;
			developmentRegion = en;
			hasScannedForEncodings = 0;
			knownRegions = (
				en,
				Base,
			);
			mainGroup = 008B28172EAD27410015647E;
			minimizedProjectReferenceProxies = 1;
			preferredProjectObjectVersion = 77;
			productRefGroup = 008B28212EAD27410015647E /* Products */;
			projectDirPath = "";
			projectRoot = "";
			targets = (
				008B281F2EAD27410015647E /* HealthViewer */,
				008B28302EAD27420015647E /* HealthViewerTests */,
				008B283A2EAD27420015647E /* HealthViewerUITests */,
			);
		};
/* End PBXProject section */

/* Begin PBXResourcesBuildPhase section */
		008B281E2EAD27410015647E /* Resources */ = {
			isa = PBXResourcesBuildPhase;
			buildActionMask = 2147483647;
			files = (
			);
			runOnlyForDeploymentPostprocessing = 0;
		};
		008B282F2EAD27420015647E /* Resources */ = {
			isa = PBXResourcesBuildPhase;
			buildActionMask = 2147483647;
			files = (
			);
			runOnlyForDeploymentPostprocessing = 0;
		};
		008B28392EAD27420015647E /* Resources */ = {
			isa = PBXResourcesBuildPhase;
			buildActionMask = 2147483647;
			files = (
			);
			runOnlyForDeploymentPostprocessing = 0;
		};
/* End PBXResourcesBuildPhase section */

/* Begin PBXSourcesBuildPhase section */
		008B281C2EAD27410015647E /* Sources */ = {
			isa = PBXSourcesBuildPhase;
			buildActionMask = 2147483647;
			files = (
			);
			runOnlyForDeploymentPostprocessing = 0;
		};
		008B282D2EAD27420015647E /* Sources */ = {
			isa = PBXSourcesBuildPhase;
			buildActionMask = 2147483647;
			files = (
			);
			runOnlyForDeploymentPostprocessing = 0;
		};
		008B28372EAD27420015647E /* Sources */ = {
			isa = PBXSourcesBuildPhase;
			buildActionMask = 2147483647;
			files = (
			);
			runOnlyForDeploymentPostprocessing = 0;
		};
/* End PBXSourcesBuildPhase section */

/* Begin PBXTargetDependency section */
		008B28332EAD27420015647E /* PBXTargetDependency */ = {
			isa = PBXTargetDependency;
			target = 008B281F2EAD27410015647E /* HealthViewer */;
			targetProxy = 008B28322EAD27420015647E /* PBXContainerItemProxy */;
		};
		008B283D2EAD27420015647E /* PBXTargetDependency */ = {
			isa = PBXTargetDependency;
			target = 008B281F2EAD27410015647E /* HealthViewer */;
			targetProxy = 008B283C2EAD27420015647E /* PBXContainerItemProxy */;
		};
/* End PBXTargetDependency section */

/* Begin XCBuildConfiguration section */
		008B28452EAD27420015647E /* Debug */ = {
			isa = XCBuildConfiguration;
			buildSettings = {
				ASSETCATALOG_COMPILER_APPICON_NAME = AppIcon;
				ASSETCATALOG_COMPILER_GLOBAL_ACCENT_COLOR_NAME = AccentColor;
				CODE_SIGN_ENTITLEMENTS = HealthViewer/HealthViewer.entitlements;
				CODE_SIGN_STYLE = Automatic;
				COMBINE_HIDPI_IMAGES = YES;
				CURRENT_PROJECT_VERSION = 1;
				DEVELOPMENT_TEAM = 99S9562J45;
				ENABLE_PREVIEWS = YES;
				GENERATE_INFOPLIST_FILE = YES;
				INFOPLIST_FILE = HealthViewer/Info.plist;
				INFOPLIST_KEY_NSHumanReadableCopyright = "";
				LD_RUNPATH_SEARCH_PATHS = (
					"$(inherited)",
					"@executable_path/../Frameworks",
				);
				MARKETING_VERSION = 1.0;
				PRODUCT_BUNDLE_IDENTIFIER = ventovulpes.HealthViewer;
				PRODUCT_NAME = "$(TARGET_NAME)";
				REGISTER_APP_GROUPS = YES;
				SWIFT_EMIT_LOC_STRINGS = YES;
				SWIFT_VERSION = 5.0;
			};
			name = Debug;
		};
		008B28462EAD27420015647E /* Release */ = {
			isa = XCBuildConfiguration;
			buildSettings = {
				ASSETCATALOG_COMPILER_APPICON_NAME = AppIcon;
				ASSETCATALOG_COMPILER_GLOBAL_ACCENT_COLOR_NAME = AccentColor;
				CODE_SIGN_ENTITLEMENTS = HealthViewer/HealthViewer.entitlements;
				CODE_SIGN_STYLE = Automatic;
				COMBINE_HIDPI_IMAGES = YES;
				CURRENT_PROJECT_VERSION = 1;
				DEVELOPMENT_TEAM = 99S9562J45;
				ENABLE_PREVIEWS = YES;
				GENERATE_INFOPLIST_FILE = YES;
				INFOPLIST_FILE = HealthViewer/Info.plist;
				INFOPLIST_KEY_NSHumanReadableCopyright = "";
				LD_RUNPATH_SEARCH_PATHS = (
					"$(inherited)",
					"@executable_path/../Frameworks",
				);
				MARKETING_VERSION = 1.0;
				PRODUCT_BUNDLE_IDENTIFIER = ventovulpes.HealthViewer;
				PRODUCT_NAME = "$(TARGET_NAME)";
				REGISTER_APP_GROUPS = YES;
				SWIFT_EMIT_LOC_STRINGS = YES;
				SWIFT_VERSION = 5.0;
			};
			name = Release;
		};
		008B28472EAD27420015647E /* Debug */ = {
			isa = XCBuildConfiguration;
			buildSettings = {
				ALWAYS_SEARCH_USER_PATHS = NO;
				ASSETCATALOG_COMPILER_GENERATE_SWIFT_ASSET_SYMBOL_EXTENSIONS = YES;
				CLANG_ANALYZER_NONNULL = YES;
				CLANG_ANALYZER_NUMBER_OBJECT_CONVERSION = YES_AGGRESSIVE;
				CLANG_CXX_LANGUAGE_STANDARD = "gnu++20";
				CLANG_ENABLE_MODULES = YES;
				CLANG_ENABLE_OBJC_ARC = YES;
				CLANG_ENABLE_OBJC_WEAK = YES;
				CLANG_WARN_BLOCK_CAPTURE_AUTORELEASING = YES;
				CLANG_WARN_BOOL_CONVERSION = YES;
				CLANG_WARN_COMMA = YES;
				CLANG_WARN_CONSTANT_CONVERSION = YES;
				CLANG_WARN_DEPRECATED_OBJC_IMPLEMENTATIONS = YES;
				CLANG_WARN_DIRECT_OBJC_ISA_USAGE = YES_ERROR;
				CLANG_WARN_DOCUMENTATION_COMMENTS = YES;
				CLANG_WARN_EMPTY_BODY = YES;
				CLANG_WARN_ENUM_CONVERSION = YES;
				CLANG_WARN_INFINITE_RECURSION = YES;
				CLANG_WARN_INT_CONVERSION = YES;
				CLANG_WARN_NON_LITERAL_NULL_CONVERSION = YES;
				CLANG_WARN_OBJC_IMPLICIT_RETAIN_SELF = YES;
				CLANG_WARN_OBJC_LITERAL_CONVERSION = YES;
				CLANG_WARN_OBJC_ROOT_CLASS = YES_ERROR;
				CLANG_WARN_QUOTED_INCLUDE_IN_FRAMEWORK_HEADER = YES;
				CLANG_WARN_RANGE_LOOP_ANALYSIS = YES;
				CLANG_WARN_STRICT_PROTOTYPES = YES;
				CLANG_WARN_SUSPICIOUS_MOVE = YES;
				CLANG_WARN_UNGUARDED_AVAILABILITY = YES_AGGRESSIVE;
				CLANG_WARN_UNREACHABLE_CODE = YES;
				CLANG_WARN__DUPLICATE_METHOD_MATCH = YES;
				COPY_PHASE_STRIP = NO;
				DEBUG_INFORMATION_FORMAT = dwarf;
				ENABLE_STRICT_OBJC_MSGSEND = YES;
				ENABLE_TESTABILITY = YES;
				ENABLE_USER_SCRIPT_SANDBOXING = YES;
				GCC_C_LANGUAGE_STANDARD = gnu17;
				GCC_DYNAMIC_NO_PIC = NO;
				GCC_NO_COMMON_BLOCKS = YES;
				GCC_OPTIMIZATION_LEVEL = 0;
				GCC_PREPROCESSOR_DEFINITIONS = (
					"DEBUG=1",
					"$(inherited)",
				);
				GCC_WARN_64_TO_32_BIT_CONVERSION = YES;
				GCC_WARN_ABOUT_RETURN_TYPE = YES_ERROR;
				GCC_WARN_UNDECLARED_SELECTOR = YES;
				GCC_WARN_UNINITIALIZED_AUTOS = YES_AGGRESSIVE;
				GCC_WARN_UNUSED_FUNCTION = YES;
				GCC_WARN_UNUSED_VARIABLE = YES;
				LOCALIZATION_PREFERS_STRING_CATALOGS = YES;
				MACOSX_DEPLOYMENT_TARGET = 15.5;
				MTL_ENABLE_DEBUG_INFO = INCLUDE_SOURCE;
				MTL_FAST_MATH = YES;
				ONLY_ACTIVE_ARCH = YES;
				SDKROOT = macosx;
				SWIFT_ACTIVE_COMPILATION_CONDITIONS = "DEBUG $(inherited)";
				SWIFT_OPTIMIZATION_LEVEL = "-Onone";
			};
			name = Debug;
		};
		008B28482EAD27420015647E /* Release */ = {
			isa = XCBuildConfiguration;
			buildSettings = {
				ALWAYS_SEARCH_USER_PATHS = NO;
				ASSETCATALOG_COMPILER_GENERATE_SWIFT_ASSET_SYMBOL_EXTENSIONS = YES;
				CLANG_ANALYZER_NONNULL = YES;
				CLANG_ANALYZER_NUMBER_OBJECT_CONVERSION = YES_AGGRESSIVE;
				CLANG_CXX_LANGUAGE_STANDARD = "gnu++20";
				CLANG_ENABLE_MODULES = YES;
				CLANG_ENABLE_OBJC_ARC = YES;
				CLANG_ENABLE_OBJC_WEAK = YES;
				CLANG_WARN_BLOCK_CAPTURE_AUTORELEASING = YES;
				CLANG_WARN_BOOL_CONVERSION = YES;
				CLANG_WARN_COMMA = YES;
				CLANG_WARN_CONSTANT_CONVERSION = YES;
				CLANG_WARN_DEPRECATED_OBJC_IMPLEMENTATIONS = YES;
				CLANG_WARN_DIRECT_OBJC_ISA_USAGE = YES_ERROR;
				CLANG_WARN_DOCUMENTATION_COMMENTS = YES;
				CLANG_WARN_EMPTY_BODY = YES;
				CLANG_WARN_ENUM_CONVERSION = YES;
				CLANG_WARN_INFINITE_RECURSION = YES;
				CLANG_WARN_INT_CONVERSION = YES;
				CLANG_WARN_NON_LITERAL_NULL_CONVERSION = YES;
				CLANG_WARN_OBJC_IMPLICIT_RETAIN_SELF = YES;
				CLANG_WARN_OBJC_LITERAL_CONVERSION = YES;
				CLANG_WARN_OBJC_ROOT_CLASS = YES_ERROR;
				CLANG_WARN_QUOTED_INCLUDE_IN_FRAMEWORK_HEADER = YES;
				CLANG_WARN_RANGE_LOOP_ANALYSIS = YES;
				CLANG_WARN_STRICT_PROTOTYPES = YES;
				CLANG_WARN_SUSPICIOUS_MOVE = YES;
				CLANG_WARN_UNGUARDED_AVAILABILITY = YES_AGGRESSIVE;
				CLANG_WARN_UNREACHABLE_CODE = YES;
				CLANG_WARN__DUPLICATE_METHOD_MATCH = YES;
				COPY_PHASE_STRIP = NO;
				DEBUG_INFORMATION_FORMAT = "dwarf-with-dsym";
				ENABLE_NS_ASSERTIONS = NO;
				ENABLE_STRICT_OBJC_MSGSEND = YES;
				ENABLE_USER_SCRIPT_SANDBOXING = YES;
				GCC_C_LANGUAGE_STANDARD = gnu17;
				GCC_NO_COMMON_BLOCKS = YES;
				GCC_WARN_64_TO_32_BIT_CONVERSION = YES;
				GCC_WARN_ABOUT_RETURN_TYPE = YES_ERROR;
				GCC_WARN_UNDECLARED_SELECTOR = YES;
				GCC_WARN_UNINITIALIZED_AUTOS = YES_AGGRESSIVE;
				GCC_WARN_UNUSED_FUNCTION = YES;
				GCC_WARN_UNUSED_VARIABLE = YES;
				LOCALIZATION_PREFERS_STRING_CATALOGS = YES;
				MACOSX_DEPLOYMENT_TARGET = 15.5;
				MTL_ENABLE_DEBUG_INFO = NO;
				MTL_FAST_MATH = YES;
				SDKROOT = macosx;
				SWIFT_COMPILATION_MODE = wholemodule;
			};
			name = Release;
		};
		008B284A2EAD27420015647E /* Debug */ = {
			isa = XCBuildConfiguration;
			buildSettings = {
				BUNDLE_LOADER = "$(TEST_HOST)";
				CODE_SIGN_STYLE = Automatic;
				CURRENT_PROJECT_VERSION = 1;
				GENERATE_INFOPLIST_FILE = YES;
				MACOSX_DEPLOYMENT_TARGET = 15.5;
				MARKETING_VERSION = 1.0;
				PRODUCT_BUNDLE_IDENTIFIER = ventovulpes.HealthViewerTests;
				PRODUCT_NAME = "$(TARGET_NAME)";
				SWIFT_EMIT_LOC_STRINGS = NO;
				SWIFT_VERSION = 5.0;
				TEST_HOST = "$(BUILT_PRODUCTS_DIR)/HealthViewer.app/$(BUNDLE_EXECUTABLE_FOLDER_PATH)/HealthViewer";
			};
			name = Debug;
		};
		008B284B2EAD27420015647E /* Release */ = {
			isa = XCBuildConfiguration;
			buildSettings = {
				BUNDLE_LOADER = "$(TEST_HOST)";
				CODE_SIGN_STYLE = Automatic;
				CURRENT_PROJECT_VERSION = 1;
				GENERATE_INFOPLIST_FILE = YES;
				MACOSX_DEPLOYMENT_TARGET = 15.5;
				MARKETING_VERSION = 1.0;
				PRODUCT_BUNDLE_IDENTIFIER = ventovulpes.HealthViewerTests;
				PRODUCT_NAME = "$(TARGET_NAME)";
				SWIFT_EMIT_LOC_STRINGS = NO;
				SWIFT_VERSION = 5.0;
				TEST_HOST = "$(BUILT_PRODUCTS_DIR)/HealthViewer.app/$(BUNDLE_EXECUTABLE_FOLDER_PATH)/HealthViewer";
			};
			name = Release;
		};
		008B284D2EAD27420015647E /* Debug */ = {
			isa = XCBuildConfiguration;
			buildSettings = {
				CODE_SIGN_STYLE = Automatic;
				CURRENT_PROJECT_VERSION = 1;
				GENERATE_INFOPLIST_FILE = YES;
				MARKETING_VERSION = 1.0;
				PRODUCT_BUNDLE_IDENTIFIER = ventovulpes.HealthViewerUITests;
				PRODUCT_NAME = "$(TARGET_NAME)";
				SWIFT_EMIT_LOC_STRINGS = NO;
				SWIFT_VERSION = 5.0;
				TEST_TARGET_NAME = HealthViewer;
			};
			name = Debug;
		};
		008B284E2EAD27420015647E /* Release */ = {
			isa = XCBuildConfiguration;
			buildSettings = {
				CODE_SIGN_STYLE = Automatic;
				CURRENT_PROJECT_VERSION = 1;
				GENERATE_INFOPLIST_FILE = YES;
				MARKETING_VERSION = 1.0;
				PRODUCT_BUNDLE_IDENTIFIER = ventovulpes.HealthViewerUITests;
				PRODUCT_NAME = "$(TARGET_NAME)";
				SWIFT_EMIT_LOC_STRINGS = NO;
				SWIFT_VERSION = 5.0;
				TEST_TARGET_NAME = HealthViewer;
			};
			name = Release;
		};
/* End XCBuildConfiguration section */

/* Begin XCConfigurationList section */
		008B281B2EAD27410015647E /* Build configuration list for PBXProject "HealthViewer" */ = {
			isa = XCConfigurationList;
			buildConfigurations = (
				008B28472EAD27420015647E /* Debug */,
				008B28482EAD27420015647E /* Release */,
			);
			defaultConfigurationIsVisible = 0;
			defaultConfigurationName = Release;
		};
		008B28442EAD27420015647E /* Build configuration list for PBXNativeTarget "HealthViewer" */ = {
			isa = XCConfigurationList;
			buildConfigurations = (
				008B28452EAD27420015647E /* Debug */,
				008B28462EAD27420015647E /* Release */,
			);
			defaultConfigurationIsVisible = 0;
			defaultConfigurationName = Release;
		};
		008B28492EAD27420015647E /* Build configuration list for PBXNativeTarget "HealthViewerTests" */ = {
			isa = XCConfigurationList;
			buildConfigurations = (
				008B284A2EAD27420015647E /* Debug */,
				008B284B2EAD27420015647E /* Release */,
			);
			defaultConfigurationIsVisible = 0;
			defaultConfigurationName = Release;
		};
		008B284C2EAD27420015647E /* Build configuration list for PBXNativeTarget "HealthViewerUITests" */ = {
			isa = XCConfigurationList;
			buildConfigurations = (
				008B284D2EAD27420015647E /* Debug */,
				008B284E2EAD27420015647E /* Release */,
			);
			defaultConfigurationIsVisible = 0;
			defaultConfigurationName = Release;
		};
/* End XCConfigurationList section */
	};
	rootObject = 008B28182EAD27410015647E /* Project object */;
}
